
Microsoft Visual Studio Solution File, Format Version 12.00
# Visual Studio 15
VisualStudioVersion = 15.0.27703.2035
MinimumVisualStudioVersion = 10.0.40219.1
Project("{FAE04EC0-301F-11D3-BF4B-00C04F79EFBC}") = "WarningChart", "WarningChart.csproj", "{A049B200-9AD0-4D05-BE24-0D3173B7715E}"
EndProject
Global
	GlobalSection(SolutionConfigurationPlatforms) = preSolution
		Debug|Any CPU = Debug|Any CPU
		Release|Any CPU = Release|Any CPU
	EndGlobalSection
	GlobalSection(ProjectConfigurationPlatforms) = postSolution
		{A049B200-9AD0-4D05-BE24-0D3173B7715E}.Debug|Any CPU.ActiveCfg = Debug|Any CPU
		{A049B200-9AD0-4D05-BE24-0D3173B7715E}.Debug|Any CPU.Build.0 = Debug|Any CPU
		{A049B200-9AD0-4D05-BE24-0D3173B7715E}.Release|Any CPU.ActiveCfg = Release|Any CPU
		{A049B200-9AD0-4D05-BE24-0D3173B7715E}.Release|Any CPU.Build.0 = Release|Any CPU
	EndGlobalSection
	GlobalSection(SolutionProperties) = preSolution
		HideSolutionNode = FALSE
	EndGlobalSection
	GlobalSection(ExtensibilityGlobals) = postSolution
		SolutionGuid = {25573238-C59B-4BD7-894F-1D1751159BCB}
	EndGlobalSection
EndGlobal
